github.com/gonutz/d3d9 v1.0.1 h1:gtS9T7uCSDYT4QKL7AWzopCUirjS7z16INeszoEYZ9A=
github.com/gonutz/d3d9 v1.0.1/go.mod h1:V6sWB2FBTFSB0tQZ8KS/FVeFJZYLyiYHdyoTI9F9MHA=
github.com/gonutz/ds v0.0.0-20170706082326-82969548412b h1:jvKODaqPKXxA2TXHE0DGPUmkH3uCHOgHbm2h+giYxfU=
github.com/gonutz/ds v0.0.0-20170706082326-82969548412b/go.mod h1:WCBGrl0SGdUgIzqyJVkELh6x/3KoIaG5MTrNWxBx84Q=
github.com/gonutz/gl v0.0.0-20200331132851-5b79a12b1985 h1:goqE2Pei5rIvMO5aAcMY2MrVViF2SNmPhvBpAjFjAWI=
github.com/gonutz/gl v0.0.0-20200331132851-5b79a12b1985/go.mod h1:Ch2ISfQKzVEJhSLUFAQfhzNHdD9J466OYHLnwk2Gv+c=
github.com/gonutz/glfw v0.0.0-20200331133027-cde2e32806b8 h1:1L5at/XBi+hvTpRTlCpBgpNb+GZ4h+hayd5PGl1YcsE=
github.com/gonutz/glfw v0.0.0-20200331133027-cde2e32806b8/go.mod h1:olhj+E4NuOntp7pjbHzIaVLKEvX5JGFmhKy7e8lc/gw=
github.com/gonutz/go-sdl2 v0.4.1 h1:sPVrduzBD0/rpj5g7qcQx0IjIuxVwyCpTblYwaDVZ8U=
github.com/gonutz/go-sdl2 v0.4.1/go.mod h1:teAbdfZx4bHq6MQzLILANttWDClM50xLbsxND4UWLns=
github.com/gonutz/mixer v0.0.0-20171129091500-a40121441cc5 h1:WOooLZbw8nc6l+e1HpQa+vl1z3i0xvcImTZRpVDjrb0=
github.com/gonutz/mixer v0.0.0-20171129091500-a40121441cc5/go.mod h1:hKIQsdpEgbCFYT7wsNKCPIE5Ueih2Z9yEB2BL0SacJg=
github.com/gonutz/prototype v0.0.0-20200526145159-50a1682fb0b1 h1:wm6YKHVSag+cdvAF9BND10Rq9QrDqt1mK0E++Lo5qzA=
github.com/gonutz/prototype v0.0.0-20200526145159-50a1682fb0b1/go.mod h1:GHlLs4bBeG2yejLULI6oX1wzFu69yB4HRfh7RcAOkeE=
github.com/gonutz/w32 v1.0.0 h1:3t1z6ZfkFvirjFYBx9pHeHBuKoN/VBVk9yHb/m2Ll/k=
github.com/gonutz/w32 v1.0.0/go.mod h1:Rc/YP5K9gv0FW4p6X9qL3E7Y56lfMflEol1fLElfMW4=
github.com/veandco/go-sdl2 v0.4.4 h1:coOJGftOdvNvGoUIZmm4XD+ZRQF4mg9ZVHmH3/42zFQ=
github.com/veandco/go-sdl2 v0.4.4/go.mod h1:FB+kTpX9YTE+urhYiClnRzpOXbiWgaU3+5F2AB78DPg=
